
Microsoft Visual Studio Solution File, Format Version 12.00
# Visual Studio Version 16
VisualStudioVersion = 16.0.31702.278
MinimumVisualStudioVersion = 10.0.40219.1
Project("{FAE04EC0-301F-11D3-BF4B-00C04F79EFBC}") = "Semenar8_CSharp_Start", "Semenar8_CSharp_Start.csproj", "{89A3E7CE-553B-4399-8E0E-E0047E1AF2AD}"
EndProject
Global
	GlobalSection(SolutionConfigurationPlatforms) = preSolution
		Debug|Any CPU = Debug|Any CPU
		Release|Any CPU = Release|Any CPU
	EndGlobalSection
	GlobalSection(ProjectConfigurationPlatforms) = postSolution
		{89A3E7CE-553B-4399-8E0E-E0047E1AF2AD}.Debug|Any CPU.ActiveCfg = Debug|Any CPU
		{89A3E7CE-553B-4399-8E0E-E0047E1AF2AD}.Debug|Any CPU.Build.0 = Debug|Any CPU
		{89A3E7CE-553B-4399-8E0E-E0047E1AF2AD}.Release|Any CPU.ActiveCfg = Release|Any CPU
		{89A3E7CE-553B-4399-8E0E-E0047E1AF2AD}.Release|Any CPU.Build.0 = Release|Any CPU
	EndGlobalSection
	GlobalSection(SolutionProperties) = preSolution
		HideSolutionNode = FALSE
	EndGlobalSection
	GlobalSection(ExtensibilityGlobals) = postSolution
		SolutionGuid = {B7AA0808-036D-478A-9CDB-F2309B3BA33B}
	EndGlobalSection
EndGlobal
